{
  "name": "buckets",
  "version": "1.0.0",
  "lockfileVersion": 3,
  "requires": true,
  "packages": {
    "": {
      "name": "buckets",
      "version": "1.0.0",
      "license": "MIT",
      "dependencies": {
        "mmap-native": "github:patrykwegrzyn/mmap"
      }
    },
    "node_modules/mmap-native": {
      "version": "1.0.0",
      "resolved": "git+ssh://git@github.com/patrykwegrzyn/mmap.git#4aa0e657068955a5ff8dba8b168405a87ca49a1d",
      "hasInstallScript": true,
      "license": "MIT"
    }
  }
}
